{
  "requires": true,
  "lockfileVersion": 1,
  "dependencies": {
    "quixote": {
      "version": "1.0.1",
      "resolved": "https://registry.npmjs.org/quixote/-/quixote-1.0.1.tgz",
      "integrity": "sha512-fS4QG9C7kJjmqro5GpHFmkEwnIE/Bdxp2unbpmTIZ/lYqRjf5DGD2feKpM9hmx6GXa9vwCcxXfAEIbwgor6Hdw=="
    }
  }
}
